
Microsoft Visual Studio Solution File, Format Version 12.00
# Visual Studio Version 17
VisualStudioVersion = 17.6.33815.320
MinimumVisualStudioVersion = 10.0.40219.1
Project("{FAE04EC0-301F-11D3-BF4B-00C04F79EFBC}") = "WorkshopLevel", "WorkshopLevel.csproj", "{ACD973A2-D329-4B56-B4F0-58E7792CC8DD}"
EndProject
Global
	GlobalSection(SolutionConfigurationPlatforms) = preSolution
		Debug|Any CPU = Debug|Any CPU
		Release|Any CPU = Release|Any CPU
	EndGlobalSection
	GlobalSection(ProjectConfigurationPlatforms) = postSolution
		{ACD973A2-D329-4B56-B4F0-58E7792CC8DD}.Debug|Any CPU.ActiveCfg = Debug|Any CPU
		{ACD973A2-D329-4B56-B4F0-58E7792CC8DD}.Debug|Any CPU.Build.0 = Debug|Any CPU
		{ACD973A2-D329-4B56-B4F0-58E7792CC8DD}.Release|Any CPU.ActiveCfg = Release|Any CPU
		{ACD973A2-D329-4B56-B4F0-58E7792CC8DD}.Release|Any CPU.Build.0 = Release|Any CPU
	EndGlobalSection
	GlobalSection(SolutionProperties) = preSolution
		HideSolutionNode = FALSE
	EndGlobalSection
	GlobalSection(ExtensibilityGlobals) = postSolution
		SolutionGuid = {65560F27-B97F-4654-AA7A-53E0678BE066}
	EndGlobalSection
EndGlobal
